
Microsoft Visual Studio Solution File, Format Version 12.00
# Visual Studio Version 17
VisualStudioVersion = 17.14.36518.9
MinimumVisualStudioVersion = 10.0.40219.1
Project("{FAE04EC0-301F-11D3-BF4B-00C04F79EFBC}") = "PricingOrchestator", "PricingOrchestator\PricingOrchestator.csproj", "{834C7208-04FF-4EB6-A503-E984F8AC8EC8}"
EndProject
Project("{FAE04EC0-301F-11D3-BF4B-00C04F79EFBC}") = "PricingOrchestatorTests", "PricingOrchestatorTests\PricingOrchestatorTests.csproj", "{A0C8B29E-000B-4164-B2DC-F7EF47F4CF7D}"
EndProject
Global
	GlobalSection(SolutionConfigurationPlatforms) = preSolution
		Debug|Any CPU = Debug|Any CPU
		Release|Any CPU = Release|Any CPU
	EndGlobalSection
	GlobalSection(ProjectConfigurationPlatforms) = postSolution
		{834C7208-04FF-4EB6-A503-E984F8AC8EC8}.Debug|Any CPU.ActiveCfg = Debug|Any CPU
		{834C7208-04FF-4EB6-A503-E984F8AC8EC8}.Debug|Any CPU.Build.0 = Debug|Any CPU
		{834C7208-04FF-4EB6-A503-E984F8AC8EC8}.Release|Any CPU.ActiveCfg = Release|Any CPU
		{834C7208-04FF-4EB6-A503-E984F8AC8EC8}.Release|Any CPU.Build.0 = Release|Any CPU
		{A0C8B29E-000B-4164-B2DC-F7EF47F4CF7D}.Debug|Any CPU.ActiveCfg = Debug|Any CPU
		{A0C8B29E-000B-4164-B2DC-F7EF47F4CF7D}.Debug|Any CPU.Build.0 = Debug|Any CPU
		{A0C8B29E-000B-4164-B2DC-F7EF47F4CF7D}.Release|Any CPU.ActiveCfg = Release|Any CPU
		{A0C8B29E-000B-4164-B2DC-F7EF47F4CF7D}.Release|Any CPU.Build.0 = Release|Any CPU
	EndGlobalSection
	GlobalSection(SolutionProperties) = preSolution
		HideSolutionNode = FALSE
	EndGlobalSection
	GlobalSection(ExtensibilityGlobals) = postSolution
		SolutionGuid = {002CEA36-D06E-4FB3-B195-0FE21E0F28ED}
	EndGlobalSection
EndGlobal
